
Microsoft Visual Studio Solution File, Format Version 12.00
# Visual Studio Version 17
VisualStudioVersion = 17.14.36310.24
MinimumVisualStudioVersion = 10.0.40219.1
Project("{FAE04EC0-301F-11D3-BF4B-00C04F79EFBC}") = "SustainabilityReportingAPI", "SustainabilityReportingAPI\SustainabilityReportingAPI.csproj", "{885FA820-BB97-42AC-ACC0-6C297D90E005}"
EndProject
Project("{FAE04EC0-301F-11D3-BF4B-00C04F79EFBC}") = "SustainabilityETL", "SustainabilityETL\SustainabilityETL.csproj", "{AFBFF86F-0248-418E-AF57-614697A61E53}"
EndProject
Project("{FAE04EC0-301F-11D3-BF4B-00C04F79EFBC}") = "DataContext.Shared", "DataContext.Shared\DataContext.Shared.csproj", "{EF62952B-2659-41E4-B26F-42FD7BCAD008}"
EndProject
Project("{FAE04EC0-301F-11D3-BF4B-00C04F79EFBC}") = "SustainabilityReportingUI", "SustainabilityReportingUI\SustainabilityReportingUI.csproj", "{DD143975-D629-476D-95E5-E5298EEC7D87}"
EndProject
Project("{FAE04EC0-301F-11D3-BF4B-00C04F79EFBC}") = "DTOs.Shared", "DTOs.Shared\DTOs.Shared.csproj", "{60FC6887-2B7D-4557-93ED-E47B2ECA19E5}"
EndProject
Global
	GlobalSection(SolutionConfigurationPlatforms) = preSolution
		Debug|Any CPU = Debug|Any CPU
		Release|Any CPU = Release|Any CPU
	EndGlobalSection
	GlobalSection(ProjectConfigurationPlatforms) = postSolution
		{885FA820-BB97-42AC-ACC0-6C297D90E005}.Debug|Any CPU.ActiveCfg = Debug|Any CPU
		{885FA820-BB97-42AC-ACC0-6C297D90E005}.Debug|Any CPU.Build.0 = Debug|Any CPU
		{885FA820-BB97-42AC-ACC0-6C297D90E005}.Release|Any CPU.ActiveCfg = Release|Any CPU
		{885FA820-BB97-42AC-ACC0-6C297D90E005}.Release|Any CPU.Build.0 = Release|Any CPU
		{AFBFF86F-0248-418E-AF57-614697A61E53}.Debug|Any CPU.ActiveCfg = Debug|Any CPU
		{AFBFF86F-0248-418E-AF57-614697A61E53}.Debug|Any CPU.Build.0 = Debug|Any CPU
		{AFBFF86F-0248-418E-AF57-614697A61E53}.Release|Any CPU.ActiveCfg = Release|Any CPU
		{AFBFF86F-0248-418E-AF57-614697A61E53}.Release|Any CPU.Build.0 = Release|Any CPU
		{EF62952B-2659-41E4-B26F-42FD7BCAD008}.Debug|Any CPU.ActiveCfg = Debug|Any CPU
		{EF62952B-2659-41E4-B26F-42FD7BCAD008}.Debug|Any CPU.Build.0 = Debug|Any CPU
		{EF62952B-2659-41E4-B26F-42FD7BCAD008}.Release|Any CPU.ActiveCfg = Release|Any CPU
		{EF62952B-2659-41E4-B26F-42FD7BCAD008}.Release|Any CPU.Build.0 = Release|Any CPU
		{DD143975-D629-476D-95E5-E5298EEC7D87}.Debug|Any CPU.ActiveCfg = Debug|Any CPU
		{DD143975-D629-476D-95E5-E5298EEC7D87}.Debug|Any CPU.Build.0 = Debug|Any CPU
		{DD143975-D629-476D-95E5-E5298EEC7D87}.Release|Any CPU.ActiveCfg = Release|Any CPU
		{DD143975-D629-476D-95E5-E5298EEC7D87}.Release|Any CPU.Build.0 = Release|Any CPU
		{60FC6887-2B7D-4557-93ED-E47B2ECA19E5}.Debug|Any CPU.ActiveCfg = Debug|Any CPU
		{60FC6887-2B7D-4557-93ED-E47B2ECA19E5}.Debug|Any CPU.Build.0 = Debug|Any CPU
		{60FC6887-2B7D-4557-93ED-E47B2ECA19E5}.Release|Any CPU.ActiveCfg = Release|Any CPU
		{60FC6887-2B7D-4557-93ED-E47B2ECA19E5}.Release|Any CPU.Build.0 = Release|Any CPU
	EndGlobalSection
	GlobalSection(SolutionProperties) = preSolution
		HideSolutionNode = FALSE
	EndGlobalSection
	GlobalSection(ExtensibilityGlobals) = postSolution
		SolutionGuid = {9D087CAA-1117-4653-8633-674AC7A5C057}
	EndGlobalSection
EndGlobal
